
Microsoft Visual Studio Solution File, Format Version 12.00
# Visual Studio Version 16
VisualStudioVersion = 16.0.30002.166
MinimumVisualStudioVersion = 10.0.40219.1
Project("{FAE04EC0-301F-11D3-BF4B-00C04F79EFBC}") = "SlothFreelance", "SlothFreelance\SlothFreelance.csproj", "{FB09B807-CCB2-41BE-92D4-C39FBBEFCD3A}"
EndProject
Global
	GlobalSection(SolutionConfigurationPlatforms) = preSolution
		Debug|Any CPU = Debug|Any CPU
		Release|Any CPU = Release|Any CPU
	EndGlobalSection
	GlobalSection(ProjectConfigurationPlatforms) = postSolution
		{FB09B807-CCB2-41BE-92D4-C39FBBEFCD3A}.Debug|Any CPU.ActiveCfg = Debug|Any CPU
		{FB09B807-CCB2-41BE-92D4-C39FBBEFCD3A}.Debug|Any CPU.Build.0 = Debug|Any CPU
		{FB09B807-CCB2-41BE-92D4-C39FBBEFCD3A}.Release|Any CPU.ActiveCfg = Release|Any CPU
		{FB09B807-CCB2-41BE-92D4-C39FBBEFCD3A}.Release|Any CPU.Build.0 = Release|Any CPU
	EndGlobalSection
	GlobalSection(SolutionProperties) = preSolution
		HideSolutionNode = FALSE
	EndGlobalSection
	GlobalSection(ExtensibilityGlobals) = postSolution
		SolutionGuid = {80DCD5AC-958A-41DC-9CD5-C3790578692C}
	EndGlobalSection
EndGlobal
